
Microsoft Visual Studio Solution File, Format Version 12.00
# Visual Studio 15
VisualStudioVersion = 15.0.27703.2035
MinimumVisualStudioVersion = 10.0.40219.1
Project("{FAE04EC0-301F-11D3-BF4B-00C04F79EFBC}") = "DifficultySettings", "DifficultySettings\DifficultySettings.csproj", "{E782FCFF-2D73-4CD5-95D8-B10208D7EF14}"
EndProject
Global
	GlobalSection(SolutionConfigurationPlatforms) = preSolution
		Debug|Any CPU = Debug|Any CPU
		Release|Any CPU = Release|Any CPU
	EndGlobalSection
	GlobalSection(ProjectConfigurationPlatforms) = postSolution
		{E782FCFF-2D73-4CD5-95D8-B10208D7EF14}.Debug|Any CPU.ActiveCfg = Debug|Any CPU
		{E782FCFF-2D73-4CD5-95D8-B10208D7EF14}.Debug|Any CPU.Build.0 = Debug|Any CPU
		{E782FCFF-2D73-4CD5-95D8-B10208D7EF14}.Release|Any CPU.ActiveCfg = Release|Any CPU
		{E782FCFF-2D73-4CD5-95D8-B10208D7EF14}.Release|Any CPU.Build.0 = Release|Any CPU
	EndGlobalSection
	GlobalSection(SolutionProperties) = preSolution
		HideSolutionNode = FALSE
	EndGlobalSection
	GlobalSection(ExtensibilityGlobals) = postSolution
		SolutionGuid = {4CC693AE-A8DD-4F62-A15D-FFF9F94E8189}
	EndGlobalSection
EndGlobal
